// !$*UTF8*$!
{
	archiveVersion = 1;
	classes = {
	};
	objectVersion = 55;
	objects = {

/* Begin PBXBuildFile section */
		3FE828C62BF3B8E70029A6EE /* igorjoz193257App.swift in Sources */ = {isa = PBXBuildFile; fileRef = 3FE828C52BF3B8E70029A6EE /* igorjoz193257App.swift */; };
		3FE828C82BF3B8E70029A6EE /* ContentView.swift in Sources */ = {isa = PBXBuildFile; fileRef = 3FE828C72BF3B8E70029A6EE /* ContentView.swift */; };
		3FE828CA2BF3B8E80029A6EE /* Assets.xcassets in Resources */ = {isa = PBXBuildFile; fileRef = 3FE828C92BF3B8E80029A6EE /* Assets.xcassets */; };
		3FE828CD2BF3B8E80029A6EE /* Preview Assets.xcassets in Resources */ = {isa = PBXBuildFile; fileRef = 3FE828CC2BF3B8E80029A6EE /* Preview Assets.xcassets */; };
		3FE828D72BF3B8E90029A6EE /* igorjoz193257Tests.swift in Sources */ = {isa = PBXBuildFile; fileRef = 3FE828D62BF3B8E90029A6EE /* igorjoz193257Tests.swift */; };
		3FE828E12BF3B8E90029A6EE /* igorjoz193257UITests.swift in Sources */ = {isa = PBXBuildFile; fileRef = 3FE828E02BF3B8E90029A6EE /* igorjoz193257UITests.swift */; };
		3FE828E32BF3B8E90029A6EE /* igorjoz193257UITestsLaunchTests.swift in Sources */ = {isa = PBXBuildFile; fileRef = 3FE828E22BF3B8E90029A6EE /* igorjoz193257UITestsLaunchTests.swift */; };
		3FE828F02BF3BFF50029A6EE /* Student.swift in Sources */ = {isa = PBXBuildFile; fileRef = 3FE828EF2BF3BFF50029A6EE /* Student.swift */; };
		3FE828F22BF3C13F0029A6EE /* StudentRow.swift in Sources */ = {isa = PBXBuildFile; fileRef = 3FE828F12BF3C13F0029A6EE /* StudentRow.swift */; };
/* End PBXBuildFile section */

/* Begin PBXContainerItemProxy section */
		3FE828D32BF3B8E90029A6EE /* PBXContainerItemProxy */ = {
			isa = PBXContainerItemProxy;
			containerPortal = 3FE828BA2BF3B8E70029A6EE /* Project object */;
			proxyType = 1;
			remoteGlobalIDString = 3FE828C12BF3B8E70029A6EE;
			remoteInfo = igorjoz193257;
		};
		3FE828DD2BF3B8E90029A6EE /* PBXContainerItemProxy */ = {
			isa = PBXContainerItemProxy;
			containerPortal = 3FE828BA2BF3B8E70029A6EE /* Project object */;
			proxyType = 1;
			remoteGlobalIDString = 3FE828C12BF3B8E70029A6EE;
			remoteInfo = igorjoz193257;
		};
/* End PBXContainerItemProxy section */

/* Begin PBXFileReference section */
		3FE828C22BF3B8E70029A6EE /* igorjoz193257.app */ = {isa = PBXFileReference; explicitFileType = wrapper.application; includeInIndex = 0; path = igorjoz193257.app; sourceTree = BUILT_PRODUCTS_DIR; };
		3FE828C52BF3B8E70029A6EE /* igorjoz193257App.swift */ = {isa = PBXFileReference; lastKnownFileType = sourcecode.swift; path = igorjoz193257App.swift; sourceTree = "<group>"; };
		3FE828C72BF3B8E70029A6EE /* ContentView.swift */ = {isa = PBXFileReference; lastKnownFileType = sourcecode.swift; path = ContentView.swift; sourceTree = "<group>"; };
		3FE828C92BF3B8E80029A6EE /* Assets.xcassets */ = {isa = PBXFileReference; lastKnownFileType = folder.assetcatalog; path = Assets.xcassets; sourceTree = "<group>"; };
		3FE828CC2BF3B8E80029A6EE /* Preview Assets.xcassets */ = {isa = PBXFileReference; lastKnownFileType = folder.assetcatalog; path = "Preview Assets.xcassets"; sourceTree = "<group>"; };
		3FE828D22BF3B8E90029A6EE /* igorjoz193257Tests.xctest */ = {isa = PBXFileReference; explicitFileType = wrapper.cfbundle; includeInIndex = 0; path = igorjoz193257Tests.xctest; sourceTree = BUILT_PRODUCTS_DIR; };
		3FE828D62BF3B8E90029A6EE /* igorjoz193257Tests.swift */ = {isa = PBXFileReference; lastKnownFileType = sourcecode.swift; path = igorjoz193257Tests.swift; sourceTree = "<group>"; };
		3FE828DC2BF3B8E90029A6EE /* igorjoz193257UITests.xctest */ = {isa = PBXFileReference; explicitFileType = wrapper.cfbundle; includeInIndex = 0; path = igorjoz193257UITests.xctest; sourceTree = BUILT_PRODUCTS_DIR; };
		3FE828E02BF3B8E90029A6EE /* igorjoz193257UITests.swift */ = {isa = PBXFileReference; lastKnownFileType = sourcecode.swift; path = igorjoz193257UITests.swift; sourceTree = "<group>"; };
		3FE828E22BF3B8E90029A6EE /* igorjoz193257UITestsLaunchTests.swift */ = {isa = PBXFileReference; lastKnownFileType = sourcecode.swift; path = igorjoz193257UITestsLaunchTests.swift; sourceTree = "<group>"; };
		3FE828EF2BF3BFF50029A6EE /* Student.swift */ = {isa = PBXFileReference; lastKnownFileType = sourcecode.swift; path = Student.swift; sourceTree = "<group>"; };
		3FE828F12BF3C13F0029A6EE /* StudentRow.swift */ = {isa = PBXFileReference; lastKnownFileType = sourcecode.swift; path = StudentRow.swift; sourceTree = "<group>"; };
/* End PBXFileReference section */

/* Begin PBXFrameworksBuildPhase section */
		3FE828BF2BF3B8E70029A6EE /* Frameworks */ = {
			isa = PBXFrameworksBuildPhase;
			buildActionMask = 2147483647;
			files = (
			);
			runOnlyForDeploymentPostprocessing = 0;
		};
		3FE828CF2BF3B8E90029A6EE /* Frameworks */ = {
			isa = PBXFrameworksBuildPhase;
			buildActionMask = 2147483647;
			files = (
			);
			runOnlyForDeploymentPostprocessing = 0;
		};
		3FE828D92BF3B8E90029A6EE /* Frameworks */ = {
			isa = PBXFrameworksBuildPhase;
			buildActionMask = 2147483647;
			files = (
			);
			runOnlyForDeploymentPostprocessing = 0;
		};
/* End PBXFrameworksBuildPhase section */

/* Begin PBXGroup section */
		3FE828B92BF3B8E70029A6EE = {
			isa = PBXGroup;
			children = (
				3FE828C42BF3B8E70029A6EE /* igorjoz193257 */,
				3FE828D52BF3B8E90029A6EE /* igorjoz193257Tests */,
				3FE828DF2BF3B8E90029A6EE /* igorjoz193257UITests */,
				3FE828C32BF3B8E70029A6EE /* Products */,
			);
			sourceTree = "<group>";
		};
		3FE828C32BF3B8E70029A6EE /* Products */ = {
			isa = PBXGroup;
			children = (
				3FE828C22BF3B8E70029A6EE /* igorjoz193257.app */,
				3FE828D22BF3B8E90029A6EE /* igorjoz193257Tests.xctest */,
				3FE828DC2BF3B8E90029A6EE /* igorjoz193257UITests.xctest */,
			);
			name = Products;
			sourceTree = "<group>";
		};
		3FE828C42BF3B8E70029A6EE /* igorjoz193257 */ = {
			isa = PBXGroup;
			children = (
				3FE828C52BF3B8E70029A6EE /* igorjoz193257App.swift */,
				3FE828F12BF3C13F0029A6EE /* StudentRow.swift */,
				3FE828C72BF3B8E70029A6EE /* ContentView.swift */,
				3FE828C92BF3B8E80029A6EE /* Assets.xcassets */,
				3FE828CB2BF3B8E80029A6EE /* Preview Content */,
				3FE828EF2BF3BFF50029A6EE /* Student.swift */,
			);
			path = igorjoz193257;
			sourceTree = "<group>";
		};
		3FE828CB2BF3B8E80029A6EE /* Preview Content */ = {
			isa = PBXGroup;
			children = (
				3FE828CC2BF3B8E80029A6EE /* Preview Assets.xcassets */,
			);
			path = "Preview Content";
			sourceTree = "<group>";
		};
		3FE828D52BF3B8E90029A6EE /* igorjoz193257Tests */ = {
			isa = PBXGroup;
			children = (
				3FE828D62BF3B8E90029A6EE /* igorjoz193257Tests.swift */,
			);
			path = igorjoz193257Tests;
			sourceTree = "<group>";
		};
		3FE828DF2BF3B8E90029A6EE /* igorjoz193257UITests */ = {
			isa = PBXGroup;
			children = (
				3FE828E02BF3B8E90029A6EE /* igorjoz193257UITests.swift */,
				3FE828E22BF3B8E90029A6EE /* igorjoz193257UITestsLaunchTests.swift */,
			);
			path = igorjoz193257UITests;
			sourceTree = "<group>";
		};
/* End PBXGroup section */

/* Begin PBXNativeTarget section */
		3FE828C12BF3B8E70029A6EE /* igorjoz193257 */ = {
			isa = PBXNativeTarget;
			buildConfigurationList = 3FE828E62BF3B8E90029A6EE /* Build configuration list for PBXNativeTarget "igorjoz193257" */;
			buildPhases = (
				3FE828BE2BF3B8E70029A6EE /* Sources */,
				3FE828BF2BF3B8E70029A6EE /* Frameworks */,
				3FE828C02BF3B8E70029A6EE /* Resources */,
			);
			buildRules = (
			);
			dependencies = (
			);
			name = igorjoz193257;
			productName = igorjoz193257;
			productReference = 3FE828C22BF3B8E70029A6EE /* igorjoz193257.app */;
			productType = "com.apple.product-type.application";
		};
		3FE828D12BF3B8E90029A6EE /* igorjoz193257Tests */ = {
			isa = PBXNativeTarget;
			buildConfigurationList = 3FE828E92BF3B8E90029A6EE /* Build configuration list for PBXNativeTarget "igorjoz193257Tests" */;
			buildPhases = (
				3FE828CE2BF3B8E90029A6EE /* Sources */,
				3FE828CF2BF3B8E90029A6EE /* Frameworks */,
				3FE828D02BF3B8E90029A6EE /* Resources */,
			);
			buildRules = (
			);
			dependencies = (
				3FE828D42BF3B8E90029A6EE /* PBXTargetDependency */,
			);
			name = igorjoz193257Tests;
			productName = igorjoz193257Tests;
			productReference = 3FE828D22BF3B8E90029A6EE /* igorjoz193257Tests.xctest */;
			productType = "com.apple.product-type.bundle.unit-test";
		};
		3FE828DB2BF3B8E90029A6EE /* igorjoz193257UITests */ = {
			isa = PBXNativeTarget;
			buildConfigurationList = 3FE828EC2BF3B8E90029A6EE /* Build configuration list for PBXNativeTarget "igorjoz193257UITests" */;
			buildPhases = (
				3FE828D82BF3B8E90029A6EE /* Sources */,
				3FE828D92BF3B8E90029A6EE /* Frameworks */,
				3FE828DA2BF3B8E90029A6EE /* Resources */,
			);
			buildRules = (
			);
			dependencies = (
				3FE828DE2BF3B8E90029A6EE /* PBXTargetDependency */,
			);
			name = igorjoz193257UITests;
			productName = igorjoz193257UITests;
			productReference = 3FE828DC2BF3B8E90029A6EE /* igorjoz193257UITests.xctest */;
			productType = "com.apple.product-type.bundle.ui-testing";
		};
/* End PBXNativeTarget section */

/* Begin PBXProject section */
		3FE828BA2BF3B8E70029A6EE /* Project object */ = {
			isa = PBXProject;
			attributes = {
				BuildIndependentTargetsInParallel = 1;
				LastSwiftUpdateCheck = 1320;
				LastUpgradeCheck = 1320;
				TargetAttributes = {
					3FE828C12BF3B8E70029A6EE = {
						CreatedOnToolsVersion = 13.2.1;
					};
					3FE828D12BF3B8E90029A6EE = {
						CreatedOnToolsVersion = 13.2.1;
						TestTargetID = 3FE828C12BF3B8E70029A6EE;
					};
					3FE828DB2BF3B8E90029A6EE = {
						CreatedOnToolsVersion = 13.2.1;
						TestTargetID = 3FE828C12BF3B8E70029A6EE;
					};
				};
			};
			buildConfigurationList = 3FE828BD2BF3B8E70029A6EE /* Build configuration list for PBXProject "igorjoz193257" */;
			compatibilityVersion = "Xcode 13.0";
			developmentRegion = en;
			hasScannedForEncodings = 0;
			knownRegions = (
				en,
				Base,
			);
			mainGroup = 3FE828B92BF3B8E70029A6EE;
			productRefGroup = 3FE828C32BF3B8E70029A6EE /* Products */;
			projectDirPath = "";
			projectRoot = "";
			targets = (
				3FE828C12BF3B8E70029A6EE /* igorjoz193257 */,
				3FE828D12BF3B8E90029A6EE /* igorjoz193257Tests */,
				3FE828DB2BF3B8E90029A6EE /* igorjoz193257UITests */,
			);
		};
/* End PBXProject section */

/* Begin PBXResourcesBuildPhase section */
		3FE828C02BF3B8E70029A6EE /* Resources */ = {
			isa = PBXResourcesBuildPhase;
			buildActionMask = 2147483647;
			files = (
				3FE828CD2BF3B8E80029A6EE /* Preview Assets.xcassets in Resources */,
				3FE828CA2BF3B8E80029A6EE /* Assets.xcassets in Resources */,
			);
			runOnlyForDeploymentPostprocessing = 0;
		};
		3FE828D02BF3B8E90029A6EE /* Resources */ = {
			isa = PBXResourcesBuildPhase;
			buildActionMask = 2147483647;
			files = (
			);
			runOnlyForDeploymentPostprocessing = 0;
		};
		3FE828DA2BF3B8E90029A6EE /* Resources */ = {
			isa = PBXResourcesBuildPhase;
			buildActionMask = 2147483647;
			files = (
			);
			runOnlyForDeploymentPostprocessing = 0;
		};
/* End PBXResourcesBuildPhase section */

/* Begin PBXSourcesBuildPhase section */
		3FE828BE2BF3B8E70029A6EE /* Sources */ = {
			isa = PBXSourcesBuildPhase;
			buildActionMask = 2147483647;
			files = (
				3FE828C82BF3B8E70029A6EE /* ContentView.swift in Sources */,
				3FE828F02BF3BFF50029A6EE /* Student.swift in Sources */,
				3FE828F22BF3C13F0029A6EE /* StudentRow.swift in Sources */,
				3FE828C62BF3B8E70029A6EE /* igorjoz193257App.swift in Sources */,
			);
			runOnlyForDeploymentPostprocessing = 0;
		};
		3FE828CE2BF3B8E90029A6EE /* Sources */ = {
			isa = PBXSourcesBuildPhase;
			buildActionMask = 2147483647;
			files = (
				3FE828D72BF3B8E90029A6EE /* igorjoz193257Tests.swift in Sources */,
			);
			runOnlyForDeploymentPostprocessing = 0;
		};
		3FE828D82BF3B8E90029A6EE /* Sources */ = {
			isa = PBXSourcesBuildPhase;
			buildActionMask = 2147483647;
			files = (
				3FE828E32BF3B8E90029A6EE /* igorjoz193257UITestsLaunchTests.swift in Sources */,
				3FE828E12BF3B8E90029A6EE /* igorjoz193257UITests.swift in Sources */,
			);
			runOnlyForDeploymentPostprocessing = 0;
		};
/* End PBXSourcesBuildPhase section */

/* Begin PBXTargetDependency section */
		3FE828D42BF3B8E90029A6EE /* PBXTargetDependency */ = {
			isa = PBXTargetDependency;
			target = 3FE828C12BF3B8E70029A6EE /* igorjoz193257 */;
			targetProxy = 3FE828D32BF3B8E90029A6EE /* PBXContainerItemProxy */;
		};
		3FE828DE2BF3B8E90029A6EE /* PBXTargetDependency */ = {
			isa = PBXTargetDependency;
			target = 3FE828C12BF3B8E70029A6EE /* igorjoz193257 */;
			targetProxy = 3FE828DD2BF3B8E90029A6EE /* PBXContainerItemProxy */;
		};
/* End PBXTargetDependency section */

/* Begin XCBuildConfiguration section */
		3FE828E42BF3B8E90029A6EE /* Debug */ = {
			isa = XCBuildConfiguration;
			buildSettings = {
				ALWAYS_SEARCH_USER_PATHS = NO;
				CLANG_ANALYZER_NONNULL = YES;
				CLANG_ANALYZER_NUMBER_OBJECT_CONVERSION = YES_AGGRESSIVE;
				CLANG_CXX_LANGUAGE_STANDARD = "gnu++17";
				CLANG_CXX_LIBRARY = "libc++";
				CLANG_ENABLE_MODULES = YES;
				CLANG_ENABLE_OBJC_ARC = YES;
				CLANG_ENABLE_OBJC_WEAK = YES;
				CLANG_WARN_BLOCK_CAPTURE_AUTORELEASING = YES;
				CLANG_WARN_BOOL_CONVERSION = YES;
				CLANG_WARN_COMMA = YES;
				CLANG_WARN_CONSTANT_CONVERSION = YES;
				CLANG_WARN_DEPRECATED_OBJC_IMPLEMENTATIONS = YES;
				CLANG_WARN_DIRECT_OBJC_ISA_USAGE = YES_ERROR;
				CLANG_WARN_DOCUMENTATION_COMMENTS = YES;
				CLANG_WARN_EMPTY_BODY = YES;
				CLANG_WARN_ENUM_CONVERSION = YES;
				CLANG_WARN_INFINITE_RECURSION = YES;
				CLANG_WARN_INT_CONVERSION = YES;
				CLANG_WARN_NON_LITERAL_NULL_CONVERSION = YES;
				CLANG_WARN_OBJC_IMPLICIT_RETAIN_SELF = YES;
				CLANG_WARN_OBJC_LITERAL_CONVERSION = YES;
				CLANG_WARN_OBJC_ROOT_CLASS = YES_ERROR;
				CLANG_WARN_QUOTED_INCLUDE_IN_FRAMEWORK_HEADER = YES;
				CLANG_WARN_RANGE_LOOP_ANALYSIS = YES;
				CLANG_WARN_STRICT_PROTOTYPES = YES;
				CLANG_WARN_SUSPICIOUS_MOVE = YES;
				CLANG_WARN_UNGUARDED_AVAILABILITY = YES_AGGRESSIVE;
				CLANG_WARN_UNREACHABLE_CODE = YES;
				CLANG_WARN__DUPLICATE_METHOD_MATCH = YES;
				COPY_PHASE_STRIP = NO;
				DEBUG_INFORMATION_FORMAT = dwarf;
				ENABLE_STRICT_OBJC_MSGSEND = YES;
				ENABLE_TESTABILITY = YES;
				GCC_C_LANGUAGE_STANDARD = gnu11;
				GCC_DYNAMIC_NO_PIC = NO;
				GCC_NO_COMMON_BLOCKS = YES;
				GCC_OPTIMIZATION_LEVEL = 0;
				GCC_PREPROCESSOR_DEFINITIONS = (
					"DEBUG=1",
					"$(inherited)",
				);
				GCC_WARN_64_TO_32_BIT_CONVERSION = YES;
				GCC_WARN_ABOUT_RETURN_TYPE = YES_ERROR;
				GCC_WARN_UNDECLARED_SELECTOR = YES;
				GCC_WARN_UNINITIALIZED_AUTOS = YES_AGGRESSIVE;
				GCC_WARN_UNUSED_FUNCTION = YES;
				GCC_WARN_UNUSED_VARIABLE = YES;
				IPHONEOS_DEPLOYMENT_TARGET = 15.2;
				MTL_ENABLE_DEBUG_INFO = INCLUDE_SOURCE;
				MTL_FAST_MATH = YES;
				ONLY_ACTIVE_ARCH = YES;
				SDKROOT = iphoneos;
				SWIFT_ACTIVE_COMPILATION_CONDITIONS = DEBUG;
				SWIFT_OPTIMIZATION_LEVEL = "-Onone";
			};
			name = Debug;
		};
		3FE828E52BF3B8E90029A6EE /* Release */ = {
			isa = XCBuildConfiguration;
			buildSettings = {
				ALWAYS_SEARCH_USER_PATHS = NO;
				CLANG_ANALYZER_NONNULL = YES;
				CLANG_ANALYZER_NUMBER_OBJECT_CONVERSION = YES_AGGRESSIVE;
				CLANG_CXX_LANGUAGE_STANDARD = "gnu++17";
				CLANG_CXX_LIBRARY = "libc++";
				CLANG_ENABLE_MODULES = YES;
				CLANG_ENABLE_OBJC_ARC = YES;
				CLANG_ENABLE_OBJC_WEAK = YES;
				CLANG_WARN_BLOCK_CAPTURE_AUTORELEASING = YES;
				CLANG_WARN_BOOL_CONVERSION = YES;
				CLANG_WARN_COMMA = YES;
				CLANG_WARN_CONSTANT_CONVERSION = YES;
				CLANG_WARN_DEPRECATED_OBJC_IMPLEMENTATIONS = YES;
				CLANG_WARN_DIRECT_OBJC_ISA_USAGE = YES_ERROR;
				CLANG_WARN_DOCUMENTATION_COMMENTS = YES;
				CLANG_WARN_EMPTY_BODY = YES;
				CLANG_WARN_ENUM_CONVERSION = YES;
				CLANG_WARN_INFINITE_RECURSION = YES;
				CLANG_WARN_INT_CONVERSION = YES;
				CLANG_WARN_NON_LITERAL_NULL_CONVERSION = YES;
				CLANG_WARN_OBJC_IMPLICIT_RETAIN_SELF = YES;
				CLANG_WARN_OBJC_LITERAL_CONVERSION = YES;
				CLANG_WARN_OBJC_ROOT_CLASS = YES_ERROR;
				CLANG_WARN_QUOTED_INCLUDE_IN_FRAMEWORK_HEADER = YES;
				CLANG_WARN_RANGE_LOOP_ANALYSIS = YES;
				CLANG_WARN_STRICT_PROTOTYPES = YES;
				CLANG_WARN_SUSPICIOUS_MOVE = YES;
				CLANG_WARN_UNGUARDED_AVAILABILITY = YES_AGGRESSIVE;
				CLANG_WARN_UNREACHABLE_CODE = YES;
				CLANG_WARN__DUPLICATE_METHOD_MATCH = YES;
				COPY_PHASE_STRIP = NO;
				DEBUG_INFORMATION_FORMAT = "dwarf-with-dsym";
				ENABLE_NS_ASSERTIONS = NO;
				ENABLE_STRICT_OBJC_MSGSEND = YES;
				GCC_C_LANGUAGE_STANDARD = gnu11;
				GCC_NO_COMMON_BLOCKS = YES;
				GCC_WARN_64_TO_32_BIT_CONVERSION = YES;
				GCC_WARN_ABOUT_RETURN_TYPE = YES_ERROR;
				GCC_WARN_UNDECLARED_SELECTOR = YES;
				GCC_WARN_UNINITIALIZED_AUTOS = YES_AGGRESSIVE;
				GCC_WARN_UNUSED_FUNCTION = YES;
				GCC_WARN_UNUSED_VARIABLE = YES;
				IPHONEOS_DEPLOYMENT_TARGET = 15.2;
				MTL_ENABLE_DEBUG_INFO = NO;
				MTL_FAST_MATH = YES;
				SDKROOT = iphoneos;
				SWIFT_COMPILATION_MODE = wholemodule;
				SWIFT_OPTIMIZATION_LEVEL = "-O";
				VALIDATE_PRODUCT = YES;
			};
			name = Release;
		};
		3FE828E72BF3B8E90029A6EE /* Debug */ = {
			isa = XCBuildConfiguration;
			buildSettings = {
				ASSETCATALOG_COMPILER_APPICON_NAME = AppIcon;
				ASSETCATALOG_COMPILER_GLOBAL_ACCENT_COLOR_NAME = AccentColor;
				CODE_SIGN_STYLE = Automatic;
				CURRENT_PROJECT_VERSION = 1;
				DEVELOPMENT_ASSET_PATHS = "\"igorjoz193257/Preview Content\"";
				ENABLE_PREVIEWS = YES;
				GENERATE_INFOPLIST_FILE = YES;
				INFOPLIST_KEY_UIApplicationSceneManifest_Generation = YES;
				INFOPLIST_KEY_UIApplicationSupportsIndirectInputEvents = YES;
				INFOPLIST_KEY_UILaunchScreen_Generation = YES;
				INFOPLIST_KEY_UISupportedInterfaceOrientations_iPad = "UIInterfaceOrientationPortrait UIInterfaceOrientationPortraitUpsideDown UIInterfaceOrientationLandscapeLeft UIInterfaceOrientationLandscapeRight";
				INFOPLIST_KEY_UISupportedInterfaceOrientations_iPhone = "UIInterfaceOrientationPortrait UIInterfaceOrientationLandscapeLeft UIInterfaceOrientationLandscapeRight";
				LD_RUNPATH_SEARCH_PATHS = (
					"$(inherited)",
					"@executable_path/Frameworks",
				);
				MARKETING_VERSION = 1.0;
				PRODUCT_BUNDLE_IDENTIFIER = PG.igorjoz193257;
				PRODUCT_NAME = "$(TARGET_NAME)";
				SWIFT_EMIT_LOC_STRINGS = YES;
				SWIFT_VERSION = 5.0;
				TARGETED_DEVICE_FAMILY = "1,2";
			};
			name = Debug;
		};
		3FE828E82BF3B8E90029A6EE /* Release */ = {
			isa = XCBuildConfiguration;
			buildSettings = {
				ASSETCATALOG_COMPILER_APPICON_NAME = AppIcon;
				ASSETCATALOG_COMPILER_GLOBAL_ACCENT_COLOR_NAME = AccentColor;
				CODE_SIGN_STYLE = Automatic;
				CURRENT_PROJECT_VERSION = 1;
				DEVELOPMENT_ASSET_PATHS = "\"igorjoz193257/Preview Content\"";
				ENABLE_PREVIEWS = YES;
				GENERATE_INFOPLIST_FILE = YES;
				INFOPLIST_KEY_UIApplicationSceneManifest_Generation = YES;
				INFOPLIST_KEY_UIApplicationSupportsIndirectInputEvents = YES;
				INFOPLIST_KEY_UILaunchScreen_Generation = YES;
				INFOPLIST_KEY_UISupportedInterfaceOrientations_iPad = "UIInterfaceOrientationPortrait UIInterfaceOrientationPortraitUpsideDown UIInterfaceOrientationLandscapeLeft UIInterfaceOrientationLandscapeRight";
				INFOPLIST_KEY_UISupportedInterfaceOrientations_iPhone = "UIInterfaceOrientationPortrait UIInterfaceOrientationLandscapeLeft UIInterfaceOrientationLandscapeRight";
				LD_RUNPATH_SEARCH_PATHS = (
					"$(inherited)",
					"@executable_path/Frameworks",
				);
				MARKETING_VERSION = 1.0;
				PRODUCT_BUNDLE_IDENTIFIER = PG.igorjoz193257;
				PRODUCT_NAME = "$(TARGET_NAME)";
				SWIFT_EMIT_LOC_STRINGS = YES;
				SWIFT_VERSION = 5.0;
				TARGETED_DEVICE_FAMILY = "1,2";
			};
			name = Release;
		};
		3FE828EA2BF3B8E90029A6EE /* Debug */ = {
			isa = XCBuildConfiguration;
			buildSettings = {
				ALWAYS_EMBED_SWIFT_STANDARD_LIBRARIES = YES;
				BUNDLE_LOADER = "$(TEST_HOST)";
				CODE_SIGN_STYLE = Automatic;
				CURRENT_PROJECT_VERSION = 1;
				GENERATE_INFOPLIST_FILE = YES;
				IPHONEOS_DEPLOYMENT_TARGET = 15.2;
				MARKETING_VERSION = 1.0;
				PRODUCT_BUNDLE_IDENTIFIER = PG.igorjoz193257Tests;
				PRODUCT_NAME = "$(TARGET_NAME)";
				SWIFT_EMIT_LOC_STRINGS = NO;
				SWIFT_VERSION = 5.0;
				TARGETED_DEVICE_FAMILY = "1,2";
				TEST_HOST = "$(BUILT_PRODUCTS_DIR)/igorjoz193257.app/igorjoz193257";
			};
			name = Debug;
		};
		3FE828EB2BF3B8E90029A6EE /* Release */ = {
			isa = XCBuildConfiguration;
			buildSettings = {
				ALWAYS_EMBED_SWIFT_STANDARD_LIBRARIES = YES;
				BUNDLE_LOADER = "$(TEST_HOST)";
				CODE_SIGN_STYLE = Automatic;
				CURRENT_PROJECT_VERSION = 1;
				GENERATE_INFOPLIST_FILE = YES;
				IPHONEOS_DEPLOYMENT_TARGET = 15.2;
				MARKETING_VERSION = 1.0;
				PRODUCT_BUNDLE_IDENTIFIER = PG.igorjoz193257Tests;
				PRODUCT_NAME = "$(TARGET_NAME)";
				SWIFT_EMIT_LOC_STRINGS = NO;
				SWIFT_VERSION = 5.0;
				TARGETED_DEVICE_FAMILY = "1,2";
				TEST_HOST = "$(BUILT_PRODUCTS_DIR)/igorjoz193257.app/igorjoz193257";
			};
			name = Release;
		};
		3FE828ED2BF3B8E90029A6EE /* Debug */ = {
			isa = XCBuildConfiguration;
			buildSettings = {
				ALWAYS_EMBED_SWIFT_STANDARD_LIBRARIES = YES;
				CODE_SIGN_STYLE = Automatic;
				CURRENT_PROJECT_VERSION = 1;
				GENERATE_INFOPLIST_FILE = YES;
				MARKETING_VERSION = 1.0;
				PRODUCT_BUNDLE_IDENTIFIER = PG.igorjoz193257UITests;
				PRODUCT_NAME = "$(TARGET_NAME)";
				SWIFT_EMIT_LOC_STRINGS = NO;
				SWIFT_VERSION = 5.0;
				TARGETED_DEVICE_FAMILY = "1,2";
				TEST_TARGET_NAME = igorjoz193257;
			};
			name = Debug;
		};
		3FE828EE2BF3B8E90029A6EE /* Release */ = {
			isa = XCBuildConfiguration;
			buildSettings = {
				ALWAYS_EMBED_SWIFT_STANDARD_LIBRARIES = YES;
				CODE_SIGN_STYLE = Automatic;
				CURRENT_PROJECT_VERSION = 1;
				GENERATE_INFOPLIST_FILE = YES;
				MARKETING_VERSION = 1.0;
				PRODUCT_BUNDLE_IDENTIFIER = PG.igorjoz193257UITests;
				PRODUCT_NAME = "$(TARGET_NAME)";
				SWIFT_EMIT_LOC_STRINGS = NO;
				SWIFT_VERSION = 5.0;
				TARGETED_DEVICE_FAMILY = "1,2";
				TEST_TARGET_NAME = igorjoz193257;
			};
			name = Release;
		};
/* End XCBuildConfiguration section */

/* Begin XCConfigurationList section */
		3FE828BD2BF3B8E70029A6EE /* Build configuration list for PBXProject "igorjoz193257" */ = {
			isa = XCConfigurationList;
			buildConfigurations = (
				3FE828E42BF3B8E90029A6EE /* Debug */,
				3FE828E52BF3B8E90029A6EE /* Release */,
			);
			defaultConfigurationIsVisible = 0;
			defaultConfigurationName = Release;
		};
		3FE828E62BF3B8E90029A6EE /* Build configuration list for PBXNativeTarget "igorjoz193257" */ = {
			isa = XCConfigurationList;
			buildConfigurations = (
				3FE828E72BF3B8E90029A6EE /* Debug */,
				3FE828E82BF3B8E90029A6EE /* Release */,
			);
			defaultConfigurationIsVisible = 0;
			defaultConfigurationName = Release;
		};
		3FE828E92BF3B8E90029A6EE /* Build configuration list for PBXNativeTarget "igorjoz193257Tests" */ = {
			isa = XCConfigurationList;
			buildConfigurations = (
				3FE828EA2BF3B8E90029A6EE /* Debug */,
				3FE828EB2BF3B8E90029A6EE /* Release */,
			);
			defaultConfigurationIsVisible = 0;
			defaultConfigurationName = Release;
		};
		3FE828EC2BF3B8E90029A6EE /* Build configuration list for PBXNativeTarget "igorjoz193257UITests" */ = {
			isa = XCConfigurationList;
			buildConfigurations = (
				3FE828ED2BF3B8E90029A6EE /* Debug */,
				3FE828EE2BF3B8E90029A6EE /* Release */,
			);
			defaultConfigurationIsVisible = 0;
			defaultConfigurationName = Release;
		};
/* End XCConfigurationList section */
	};
	rootObject = 3FE828BA2BF3B8E70029A6EE /* Project object */;
}
